
Microsoft Visual Studio Solution File, Format Version 12.00
# Visual Studio Version 16
VisualStudioVersion = 16.0.30804.86
MinimumVisualStudioVersion = 10.0.40219.1
Project("{9A19103F-16F7-4668-BE54-9A1E7A4F7556}") = "CA.ERP.Lib", "CA.ERP.Lib\CA.ERP.Lib.csproj", "{314BA293-E8DD-473F-9245-085FE76613E1}"
EndProject
Project("{FAE04EC0-301F-11D3-BF4B-00C04F79EFBC}") = "CA.ERP.WebApp", "CA.ERP.WebApp\CA.ERP.WebApp.csproj", "{71A43266-0539-425A-ADF1-A765010FC126}"
EndProject
Global
	GlobalSection(SolutionConfigurationPlatforms) = preSolution
		Debug|Any CPU = Debug|Any CPU
		Release|Any CPU = Release|Any CPU
	EndGlobalSection
	GlobalSection(ProjectConfigurationPlatforms) = postSolution
		{314BA293-E8DD-473F-9245-085FE76613E1}.Debug|Any CPU.ActiveCfg = Debug|Any CPU
		{314BA293-E8DD-473F-9245-085FE76613E1}.Debug|Any CPU.Build.0 = Debug|Any CPU
		{314BA293-E8DD-473F-9245-085FE76613E1}.Release|Any CPU.ActiveCfg = Release|Any CPU
		{314BA293-E8DD-473F-9245-085FE76613E1}.Release|Any CPU.Build.0 = Release|Any CPU
		{71A43266-0539-425A-ADF1-A765010FC126}.Debug|Any CPU.ActiveCfg = Debug|Any CPU
		{71A43266-0539-425A-ADF1-A765010FC126}.Debug|Any CPU.Build.0 = Debug|Any CPU
		{71A43266-0539-425A-ADF1-A765010FC126}.Release|Any CPU.ActiveCfg = Release|Any CPU
		{71A43266-0539-425A-ADF1-A765010FC126}.Release|Any CPU.Build.0 = Release|Any CPU
	EndGlobalSection
	GlobalSection(SolutionProperties) = preSolution
		HideSolutionNode = FALSE
	EndGlobalSection
	GlobalSection(ExtensibilityGlobals) = postSolution
		SolutionGuid = {FFEB0817-9C31-4B40-898B-F7BA2B76EC9A}
	EndGlobalSection
EndGlobal
