
Microsoft Visual Studio Solution File, Format Version 12.00
# Visual Studio Version 16
VisualStudioVersion = 16.0.30804.86
MinimumVisualStudioVersion = 10.0.40219.1
Project("{9A19103F-16F7-4668-BE54-9A1E7A4F7556}") = "CA.ERP.WebApp", "CA.ERP.WebApp\CA.ERP.WebApp.csproj", "{71A43266-0539-425A-ADF1-A765010FC126}"
EndProject
Project("{2150E333-8FDC-42A3-9474-1A3956D46DE8}") = "Tests", "Tests", "{3124A50D-3FF5-41A5-BF5C-798DA5A48299}"
EndProject
Project("{9A19103F-16F7-4668-BE54-9A1E7A4F7556}") = "CA.ERP.WebApp.Test.Integration", "Test\CA.ERP.WebApp.Test.Integration\CA.ERP.WebApp.Test.Integration.csproj", "{3B4BEF44-A293-4D4D-899C-422C1070597E}"
EndProject
Project("{9A19103F-16F7-4668-BE54-9A1E7A4F7556}") = "CA.ERP.Domain", "CA.ERP.Domain\CA.ERP.Domain.csproj", "{60F525D7-2362-40D8-9BD3-0BA02574B8A0}"
EndProject
Project("{9A19103F-16F7-4668-BE54-9A1E7A4F7556}") = "CA.ERP.DataAccess", "CA.ERP.DataAccess\CA.ERP.DataAccess.csproj", "{457FC0C7-2C30-419D-9BED-A62C69C4B7EC}"
EndProject
Project("{E53339B2-1760-4266-BCC7-CA923CBCF16C}") = "docker-compose", "docker-compose.dcproj", "{94006458-CCC5-4BCA-96E8-349C2CFAF824}"
EndProject
Project("{9A19103F-16F7-4668-BE54-9A1E7A4F7556}") = "CA.ERP.Common", "CA.ERP.Common\CA.ERP.Common.csproj", "{8E8113D0-2359-4069-9538-80D528BD891D}"
EndProject
Global
	GlobalSection(SolutionConfigurationPlatforms) = preSolution
		Debug|Any CPU = Debug|Any CPU
		Release|Any CPU = Release|Any CPU
	EndGlobalSection
	GlobalSection(ProjectConfigurationPlatforms) = postSolution
		{71A43266-0539-425A-ADF1-A765010FC126}.Debug|Any CPU.ActiveCfg = Debug|Any CPU
		{71A43266-0539-425A-ADF1-A765010FC126}.Debug|Any CPU.Build.0 = Debug|Any CPU
		{71A43266-0539-425A-ADF1-A765010FC126}.Release|Any CPU.ActiveCfg = Release|Any CPU
		{71A43266-0539-425A-ADF1-A765010FC126}.Release|Any CPU.Build.0 = Release|Any CPU
		{3B4BEF44-A293-4D4D-899C-422C1070597E}.Debug|Any CPU.ActiveCfg = Debug|Any CPU
		{3B4BEF44-A293-4D4D-899C-422C1070597E}.Debug|Any CPU.Build.0 = Debug|Any CPU
		{3B4BEF44-A293-4D4D-899C-422C1070597E}.Release|Any CPU.ActiveCfg = Release|Any CPU
		{3B4BEF44-A293-4D4D-899C-422C1070597E}.Release|Any CPU.Build.0 = Release|Any CPU
		{60F525D7-2362-40D8-9BD3-0BA02574B8A0}.Debug|Any CPU.ActiveCfg = Debug|Any CPU
		{60F525D7-2362-40D8-9BD3-0BA02574B8A0}.Debug|Any CPU.Build.0 = Debug|Any CPU
		{60F525D7-2362-40D8-9BD3-0BA02574B8A0}.Release|Any CPU.ActiveCfg = Release|Any CPU
		{60F525D7-2362-40D8-9BD3-0BA02574B8A0}.Release|Any CPU.Build.0 = Release|Any CPU
		{457FC0C7-2C30-419D-9BED-A62C69C4B7EC}.Debug|Any CPU.ActiveCfg = Debug|Any CPU
		{457FC0C7-2C30-419D-9BED-A62C69C4B7EC}.Debug|Any CPU.Build.0 = Debug|Any CPU
		{457FC0C7-2C30-419D-9BED-A62C69C4B7EC}.Release|Any CPU.ActiveCfg = Release|Any CPU
		{457FC0C7-2C30-419D-9BED-A62C69C4B7EC}.Release|Any CPU.Build.0 = Release|Any CPU
		{94006458-CCC5-4BCA-96E8-349C2CFAF824}.Debug|Any CPU.ActiveCfg = Debug|Any CPU
		{94006458-CCC5-4BCA-96E8-349C2CFAF824}.Debug|Any CPU.Build.0 = Debug|Any CPU
		{94006458-CCC5-4BCA-96E8-349C2CFAF824}.Release|Any CPU.ActiveCfg = Release|Any CPU
		{94006458-CCC5-4BCA-96E8-349C2CFAF824}.Release|Any CPU.Build.0 = Release|Any CPU
		{8E8113D0-2359-4069-9538-80D528BD891D}.Debug|Any CPU.ActiveCfg = Debug|Any CPU
		{8E8113D0-2359-4069-9538-80D528BD891D}.Debug|Any CPU.Build.0 = Debug|Any CPU
		{8E8113D0-2359-4069-9538-80D528BD891D}.Release|Any CPU.ActiveCfg = Release|Any CPU
		{8E8113D0-2359-4069-9538-80D528BD891D}.Release|Any CPU.Build.0 = Release|Any CPU
	EndGlobalSection
	GlobalSection(SolutionProperties) = preSolution
		HideSolutionNode = FALSE
	EndGlobalSection
	GlobalSection(NestedProjects) = preSolution
		{3B4BEF44-A293-4D4D-899C-422C1070597E} = {3124A50D-3FF5-41A5-BF5C-798DA5A48299}
	EndGlobalSection
	GlobalSection(ExtensibilityGlobals) = postSolution
		SolutionGuid = {FFEB0817-9C31-4B40-898B-F7BA2B76EC9A}
	EndGlobalSection
EndGlobal
